# Generated by pub
# See http://pub.dartlang.org/doc/glossary.html#lockfile
packages:
  levenshtein:
    description: levenshtein
    source: hosted
    version: "1.0.2"
  path:
    description: path
    source: hosted
    version: "1.0.0"
  stack_trace:
    description: stack_trace
    source: hosted
    version: "0.9.1"
  unittest:
    description: unittest
    source: hosted
    version: "0.9.3"
  worker:
    description: worker
    source: hosted
    version: "0.3.6"
