# Generated by pub
# See http://pub.dartlang.org/doc/glossary.html#lockfile
packages:
  http_server:
    description: http_server
    source: hosted
    version: "0.9.1"
  mime:
    description: mime
    source: hosted
    version: "0.9.0"
  mustache:
    description: mustache
    source: hosted
    version: "0.1.8"
  path:
    description: path
    source: hosted
    version: "1.0.0"
  worker:
    description: worker
    source: hosted
    version: "0.3.6"
